
Microsoft Visual Studio Solution File, Format Version 12.00
# Visual Studio 15
VisualStudioVersion = 15.0.28010.2048
MinimumVisualStudioVersion = 10.0.40219.1
Project("{FAE04EC0-301F-11D3-BF4B-00C04F79EFBC}") = "Buttons", "Buttons\Buttons.csproj", "{2BDF9601-B8EF-4601-BC24-4942C0746336}"
EndProject
Global
	GlobalSection(SolutionConfigurationPlatforms) = preSolution
		Debug|Any CPU = Debug|Any CPU
		Release|Any CPU = Release|Any CPU
	EndGlobalSection
	GlobalSection(ProjectConfigurationPlatforms) = postSolution
		{2BDF9601-B8EF-4601-BC24-4942C0746336}.Debug|Any CPU.ActiveCfg = Debug|Any CPU
		{2BDF9601-B8EF-4601-BC24-4942C0746336}.Debug|Any CPU.Build.0 = Debug|Any CPU
		{2BDF9601-B8EF-4601-BC24-4942C0746336}.Release|Any CPU.ActiveCfg = Release|Any CPU
		{2BDF9601-B8EF-4601-BC24-4942C0746336}.Release|Any CPU.Build.0 = Release|Any CPU
	EndGlobalSection
	GlobalSection(SolutionProperties) = preSolution
		HideSolutionNode = FALSE
	EndGlobalSection
	GlobalSection(ExtensibilityGlobals) = postSolution
		SolutionGuid = {241DB93F-F428-498D-8D81-A90926265C08}
	EndGlobalSection
EndGlobal
