
Microsoft Visual Studio Solution File, Format Version 12.00
# Visual Studio 15
VisualStudioVersion = 15.0.28010.2048
MinimumVisualStudioVersion = 10.0.40219.1
Project("{FAE04EC0-301F-11D3-BF4B-00C04F79EFBC}") = "PageObject", "PageObject\PageObject.csproj", "{47A2C3EE-AC27-40D4-9741-C4CBC9F0A140}"
EndProject
Global
	GlobalSection(SolutionConfigurationPlatforms) = preSolution
		Debug|Any CPU = Debug|Any CPU
		Release|Any CPU = Release|Any CPU
	EndGlobalSection
	GlobalSection(ProjectConfigurationPlatforms) = postSolution
		{47A2C3EE-AC27-40D4-9741-C4CBC9F0A140}.Debug|Any CPU.ActiveCfg = Debug|Any CPU
		{47A2C3EE-AC27-40D4-9741-C4CBC9F0A140}.Debug|Any CPU.Build.0 = Debug|Any CPU
		{47A2C3EE-AC27-40D4-9741-C4CBC9F0A140}.Release|Any CPU.ActiveCfg = Release|Any CPU
		{47A2C3EE-AC27-40D4-9741-C4CBC9F0A140}.Release|Any CPU.Build.0 = Release|Any CPU
	EndGlobalSection
	GlobalSection(SolutionProperties) = preSolution
		HideSolutionNode = FALSE
	EndGlobalSection
	GlobalSection(ExtensibilityGlobals) = postSolution
		SolutionGuid = {D43428D8-6C49-45CF-B7E5-1D13DAB42F1F}
	EndGlobalSection
EndGlobal
